
Microsoft Visual Studio Solution File, Format Version 12.00
# Visual Studio 15
VisualStudioVersion = 15.0.28307.489
MinimumVisualStudioVersion = 10.0.40219.1
Project("{FAE04EC0-301F-11D3-BF4B-00C04F79EFBC}") = "AzureIoTAPI", "AzureIoTAPI\AzureIoTAPI.csproj", "{7ECE1D6C-29E3-48C4-8290-7857CA6D1516}"
EndProject
Project("{FAE04EC0-301F-11D3-BF4B-00C04F79EFBC}") = "AzureIoTAPI.Tests", "AzureIoTAPI.Tests\AzureIoTAPI.Tests.csproj", "{1C078319-49E4-44EF-8869-37B3C6889675}"
EndProject
Project("{FAE04EC0-301F-11D3-BF4B-00C04F79EFBC}") = "AzureIoT.FrontEnd", "AzureIoT.Front\AzureIoT.FrontEnd.csproj", "{56CB289E-B415-40E0-BAA7-B7C80782E1DE}"
EndProject
Project("{FAE04EC0-301F-11D3-BF4B-00C04F79EFBC}") = "AzureIOT.Models", "AzureIOT.Models\AzureIOT.Models.csproj", "{F12BB44D-0B00-4B86-A009-ED674190800D}"
EndProject
Project("{FAE04EC0-301F-11D3-BF4B-00C04F79EFBC}") = "AzureIOT.Service", "AzureIOT.Service\AzureIOT.Service.csproj", "{8CF87663-B5D1-469C-8E82-A2B3079B5696}"
EndProject
Global
	GlobalSection(SolutionConfigurationPlatforms) = preSolution
		Debug|Any CPU = Debug|Any CPU
		Release|Any CPU = Release|Any CPU
	EndGlobalSection
	GlobalSection(ProjectConfigurationPlatforms) = postSolution
		{7ECE1D6C-29E3-48C4-8290-7857CA6D1516}.Debug|Any CPU.ActiveCfg = Debug|Any CPU
		{7ECE1D6C-29E3-48C4-8290-7857CA6D1516}.Debug|Any CPU.Build.0 = Debug|Any CPU
		{7ECE1D6C-29E3-48C4-8290-7857CA6D1516}.Release|Any CPU.ActiveCfg = Release|Any CPU
		{7ECE1D6C-29E3-48C4-8290-7857CA6D1516}.Release|Any CPU.Build.0 = Release|Any CPU
		{1C078319-49E4-44EF-8869-37B3C6889675}.Debug|Any CPU.ActiveCfg = Debug|Any CPU
		{1C078319-49E4-44EF-8869-37B3C6889675}.Debug|Any CPU.Build.0 = Debug|Any CPU
		{1C078319-49E4-44EF-8869-37B3C6889675}.Release|Any CPU.ActiveCfg = Release|Any CPU
		{1C078319-49E4-44EF-8869-37B3C6889675}.Release|Any CPU.Build.0 = Release|Any CPU
		{56CB289E-B415-40E0-BAA7-B7C80782E1DE}.Debug|Any CPU.ActiveCfg = Debug|Any CPU
		{56CB289E-B415-40E0-BAA7-B7C80782E1DE}.Debug|Any CPU.Build.0 = Debug|Any CPU
		{56CB289E-B415-40E0-BAA7-B7C80782E1DE}.Release|Any CPU.ActiveCfg = Release|Any CPU
		{56CB289E-B415-40E0-BAA7-B7C80782E1DE}.Release|Any CPU.Build.0 = Release|Any CPU
		{F12BB44D-0B00-4B86-A009-ED674190800D}.Debug|Any CPU.ActiveCfg = Debug|Any CPU
		{F12BB44D-0B00-4B86-A009-ED674190800D}.Debug|Any CPU.Build.0 = Debug|Any CPU
		{F12BB44D-0B00-4B86-A009-ED674190800D}.Release|Any CPU.ActiveCfg = Release|Any CPU
		{F12BB44D-0B00-4B86-A009-ED674190800D}.Release|Any CPU.Build.0 = Release|Any CPU
		{8CF87663-B5D1-469C-8E82-A2B3079B5696}.Debug|Any CPU.ActiveCfg = Debug|Any CPU
		{8CF87663-B5D1-469C-8E82-A2B3079B5696}.Debug|Any CPU.Build.0 = Debug|Any CPU
		{8CF87663-B5D1-469C-8E82-A2B3079B5696}.Release|Any CPU.ActiveCfg = Release|Any CPU
		{8CF87663-B5D1-469C-8E82-A2B3079B5696}.Release|Any CPU.Build.0 = Release|Any CPU
	EndGlobalSection
	GlobalSection(SolutionProperties) = preSolution
		HideSolutionNode = FALSE
	EndGlobalSection
	GlobalSection(ExtensibilityGlobals) = postSolution
		SolutionGuid = {0BDD0BBB-91A8-4A91-ACA0-DA33713FBA8C}
	EndGlobalSection
EndGlobal
